
Microsoft Visual Studio Solution File, Format Version 12.00
# Visual Studio Version 17
VisualStudioVersion = 17.2.32616.157
MinimumVisualStudioVersion = 10.0.40219.1
Project("{FAE04EC0-301F-11D3-BF4B-00C04F79EFBC}") = "VSPAYROLL", "VSPAYROLL\VSPAYROLL.csproj", "{07856A0D-A29D-42C6-B4A5-A367A606AA80}"
EndProject
Global
	GlobalSection(SolutionConfigurationPlatforms) = preSolution
		Debug|Any CPU = Debug|Any CPU
		Release|Any CPU = Release|Any CPU
	EndGlobalSection
	GlobalSection(ProjectConfigurationPlatforms) = postSolution
		{07856A0D-A29D-42C6-B4A5-A367A606AA80}.Debug|Any CPU.ActiveCfg = Debug|Any CPU
		{07856A0D-A29D-42C6-B4A5-A367A606AA80}.Debug|Any CPU.Build.0 = Debug|Any CPU
		{07856A0D-A29D-42C6-B4A5-A367A606AA80}.Release|Any CPU.ActiveCfg = Release|Any CPU
		{07856A0D-A29D-42C6-B4A5-A367A606AA80}.Release|Any CPU.Build.0 = Release|Any CPU
	EndGlobalSection
	GlobalSection(SolutionProperties) = preSolution
		HideSolutionNode = FALSE
	EndGlobalSection
	GlobalSection(ExtensibilityGlobals) = postSolution
		SolutionGuid = {DB78BB56-1A38-427A-BBF7-B5B666755D1D}
	EndGlobalSection
EndGlobal
